
Microsoft Visual Studio Solution File, Format Version 12.00
# Visual Studio Version 16
VisualStudioVersion = 16.0.29709.97
MinimumVisualStudioVersion = 10.0.40219.1
Project("{FAE04EC0-301F-11D3-BF4B-00C04F79EFBC}") = "Demos", "Demos.csproj", "{58C9DE8A-8C6E-495A-8D1D-668F82239696}"
EndProject
Global
	GlobalSection(SolutionConfigurationPlatforms) = preSolution
		Debug|Any CPU = Debug|Any CPU
		Release|Any CPU = Release|Any CPU
	EndGlobalSection
	GlobalSection(ProjectConfigurationPlatforms) = postSolution
		{58C9DE8A-8C6E-495A-8D1D-668F82239696}.Debug|Any CPU.ActiveCfg = Debug|Any CPU
		{58C9DE8A-8C6E-495A-8D1D-668F82239696}.Debug|Any CPU.Build.0 = Debug|Any CPU
		{58C9DE8A-8C6E-495A-8D1D-668F82239696}.Release|Any CPU.ActiveCfg = Release|Any CPU
		{58C9DE8A-8C6E-495A-8D1D-668F82239696}.Release|Any CPU.Build.0 = Release|Any CPU
	EndGlobalSection
	GlobalSection(SolutionProperties) = preSolution
		HideSolutionNode = FALSE
	EndGlobalSection
	GlobalSection(ExtensibilityGlobals) = postSolution
		SolutionGuid = {BF01DD4C-CAB0-40D7-A2B5-63F1F1D3EE74}
	EndGlobalSection
EndGlobal
